
Microsoft Visual Studio Solution File, Format Version 12.00
# Visual Studio Version 17
VisualStudioVersion = 17.9.34701.34
MinimumVisualStudioVersion = 10.0.40219.1
Project("{6870E480-7721-4708-BFB8-9AE898AA21B3}") = "SSAS dla TechnologiaGDP", "SSAS dla TechnologiaGDP.smproj", "{8CE414BB-95B2-4C99-9E03-51BA72086E22}"
EndProject
Global
	GlobalSection(SolutionConfigurationPlatforms) = preSolution
		Development|x86 = Development|x86
	EndGlobalSection
	GlobalSection(ProjectConfigurationPlatforms) = postSolution
		{8CE414BB-95B2-4C99-9E03-51BA72086E22}.Development|x86.ActiveCfg = Development|x86
		{8CE414BB-95B2-4C99-9E03-51BA72086E22}.Development|x86.Build.0 = Development|x86
		{8CE414BB-95B2-4C99-9E03-51BA72086E22}.Development|x86.Deploy.0 = Development|x86
	EndGlobalSection
	GlobalSection(SolutionProperties) = preSolution
		HideSolutionNode = FALSE
	EndGlobalSection
	GlobalSection(ExtensibilityGlobals) = postSolution
		SolutionGuid = {92AD49AD-94FD-4FAA-B619-660C8C9A427A}
	EndGlobalSection
EndGlobal
